
Microsoft Visual Studio Solution File, Format Version 12.00
# Visual Studio Version 17
VisualStudioVersion = 17.3.32901.215
MinimumVisualStudioVersion = 10.0.40219.1
Project("{2150E333-8FDC-42A3-9474-1A3956D46DE8}") = "src", "src", "{7650BFDC-9946-45BE-AE12-3DC1B2E6C12C}"
EndProject
Project("{9A19103F-16F7-4668-BE54-9A1E7A4F7556}") = "FamilyHub.Test.WeatherApi", "src\FamilyHub.Test.WeatherApi\FamilyHub.Test.WeatherApi.csproj", "{0A1108FA-5CEA-4C01-942A-A1FF305608A6}"
EndProject
Project("{FAE04EC0-301F-11D3-BF4B-00C04F79EFBC}") = "FamilyHub.Test.WeatherForcastUI", "src\FamilyHub.Test.WeatherForcastUI\FamilyHub.Test.WeatherForcastUI.csproj", "{530AD7F1-EA3D-4154-98F4-F2945B5F1D9A}"
EndProject
Global
	GlobalSection(SolutionConfigurationPlatforms) = preSolution
		Debug|Any CPU = Debug|Any CPU
		Release|Any CPU = Release|Any CPU
	EndGlobalSection
	GlobalSection(ProjectConfigurationPlatforms) = postSolution
		{0A1108FA-5CEA-4C01-942A-A1FF305608A6}.Debug|Any CPU.ActiveCfg = Debug|Any CPU
		{0A1108FA-5CEA-4C01-942A-A1FF305608A6}.Debug|Any CPU.Build.0 = Debug|Any CPU
		{0A1108FA-5CEA-4C01-942A-A1FF305608A6}.Release|Any CPU.ActiveCfg = Release|Any CPU
		{0A1108FA-5CEA-4C01-942A-A1FF305608A6}.Release|Any CPU.Build.0 = Release|Any CPU
		{530AD7F1-EA3D-4154-98F4-F2945B5F1D9A}.Debug|Any CPU.ActiveCfg = Debug|Any CPU
		{530AD7F1-EA3D-4154-98F4-F2945B5F1D9A}.Debug|Any CPU.Build.0 = Debug|Any CPU
		{530AD7F1-EA3D-4154-98F4-F2945B5F1D9A}.Release|Any CPU.ActiveCfg = Release|Any CPU
		{530AD7F1-EA3D-4154-98F4-F2945B5F1D9A}.Release|Any CPU.Build.0 = Release|Any CPU
	EndGlobalSection
	GlobalSection(SolutionProperties) = preSolution
		HideSolutionNode = FALSE
	EndGlobalSection
	GlobalSection(NestedProjects) = preSolution
		{0A1108FA-5CEA-4C01-942A-A1FF305608A6} = {7650BFDC-9946-45BE-AE12-3DC1B2E6C12C}
		{530AD7F1-EA3D-4154-98F4-F2945B5F1D9A} = {7650BFDC-9946-45BE-AE12-3DC1B2E6C12C}
	EndGlobalSection
	GlobalSection(ExtensibilityGlobals) = postSolution
		SolutionGuid = {1353DBB7-5686-4D64-8264-595855607BBE}
	EndGlobalSection
EndGlobal
